
Microsoft Visual Studio Solution File, Format Version 12.00
# Visual Studio 15
VisualStudioVersion = 15.0.28307.438
MinimumVisualStudioVersion = 10.0.40219.1
Project("{8BC9CEB8-8B4A-11D0-8D11-00A0C91BC942}") = "TcpLinux", "TcpLinux\TcpLinux.vcxproj", "{0D0E5F68-B87C-4E18-81BD-D82656324F07}"
EndProject
Global
	GlobalSection(SolutionConfigurationPlatforms) = preSolution
		Debug|ARM = Debug|ARM
		Debug|ARM64 = Debug|ARM64
		Debug|x64 = Debug|x64
		Debug|x86 = Debug|x86
		Release|ARM = Release|ARM
		Release|ARM64 = Release|ARM64
		Release|x64 = Release|x64
		Release|x86 = Release|x86
	EndGlobalSection
	GlobalSection(ProjectConfigurationPlatforms) = postSolution
		{0D0E5F68-B87C-4E18-81BD-D82656324F07}.Debug|ARM.ActiveCfg = Debug|ARM
		{0D0E5F68-B87C-4E18-81BD-D82656324F07}.Debug|ARM.Build.0 = Debug|ARM
		{0D0E5F68-B87C-4E18-81BD-D82656324F07}.Debug|ARM64.ActiveCfg = Debug|ARM64
		{0D0E5F68-B87C-4E18-81BD-D82656324F07}.Debug|ARM64.Build.0 = Debug|ARM64
		{0D0E5F68-B87C-4E18-81BD-D82656324F07}.Debug|x64.ActiveCfg = Debug|x64
		{0D0E5F68-B87C-4E18-81BD-D82656324F07}.Debug|x64.Build.0 = Debug|x64
		{0D0E5F68-B87C-4E18-81BD-D82656324F07}.Debug|x86.ActiveCfg = Debug|x86
		{0D0E5F68-B87C-4E18-81BD-D82656324F07}.Debug|x86.Build.0 = Debug|x86
		{0D0E5F68-B87C-4E18-81BD-D82656324F07}.Release|ARM.ActiveCfg = Release|ARM
		{0D0E5F68-B87C-4E18-81BD-D82656324F07}.Release|ARM.Build.0 = Release|ARM
		{0D0E5F68-B87C-4E18-81BD-D82656324F07}.Release|ARM64.ActiveCfg = Release|ARM64
		{0D0E5F68-B87C-4E18-81BD-D82656324F07}.Release|ARM64.Build.0 = Release|ARM64
		{0D0E5F68-B87C-4E18-81BD-D82656324F07}.Release|x64.ActiveCfg = Release|x64
		{0D0E5F68-B87C-4E18-81BD-D82656324F07}.Release|x64.Build.0 = Release|x64
		{0D0E5F68-B87C-4E18-81BD-D82656324F07}.Release|x86.ActiveCfg = Release|x86
		{0D0E5F68-B87C-4E18-81BD-D82656324F07}.Release|x86.Build.0 = Release|x86
	EndGlobalSection
	GlobalSection(SolutionProperties) = preSolution
		HideSolutionNode = FALSE
	EndGlobalSection
	GlobalSection(ExtensibilityGlobals) = postSolution
		SolutionGuid = {3F361C1B-5663-44B3-AE77-44F525A2F532}
	EndGlobalSection
EndGlobal
