
Microsoft Visual Studio Solution File, Format Version 12.00
# Visual Studio 15
VisualStudioVersion = 15.0.28307.438
MinimumVisualStudioVersion = 10.0.40219.1
Project("{8BC9CEB8-8B4A-11D0-8D11-00A0C91BC942}") = "testDll", "testDll\testDll.vcxproj", "{BC643599-65AE-43B5-BEF7-C3706FE87B43}"
EndProject
Project("{8BC9CEB8-8B4A-11D0-8D11-00A0C91BC942}") = "Test]", "Test]\Test].vcxproj", "{D3792FC8-3B94-4384-9CB6-2379335AB5AD}"
EndProject
Global
	GlobalSection(SolutionConfigurationPlatforms) = preSolution
		Debug|x64 = Debug|x64
		Debug|x86 = Debug|x86
		Release|x64 = Release|x64
		Release|x86 = Release|x86
	EndGlobalSection
	GlobalSection(ProjectConfigurationPlatforms) = postSolution
		{BC643599-65AE-43B5-BEF7-C3706FE87B43}.Debug|x64.ActiveCfg = Debug|x64
		{BC643599-65AE-43B5-BEF7-C3706FE87B43}.Debug|x64.Build.0 = Debug|x64
		{BC643599-65AE-43B5-BEF7-C3706FE87B43}.Debug|x86.ActiveCfg = Debug|Win32
		{BC643599-65AE-43B5-BEF7-C3706FE87B43}.Debug|x86.Build.0 = Debug|Win32
		{BC643599-65AE-43B5-BEF7-C3706FE87B43}.Release|x64.ActiveCfg = Release|x64
		{BC643599-65AE-43B5-BEF7-C3706FE87B43}.Release|x64.Build.0 = Release|x64
		{BC643599-65AE-43B5-BEF7-C3706FE87B43}.Release|x86.ActiveCfg = Release|Win32
		{BC643599-65AE-43B5-BEF7-C3706FE87B43}.Release|x86.Build.0 = Release|Win32
		{D3792FC8-3B94-4384-9CB6-2379335AB5AD}.Debug|x64.ActiveCfg = Debug|x64
		{D3792FC8-3B94-4384-9CB6-2379335AB5AD}.Debug|x64.Build.0 = Debug|x64
		{D3792FC8-3B94-4384-9CB6-2379335AB5AD}.Debug|x86.ActiveCfg = Debug|Win32
		{D3792FC8-3B94-4384-9CB6-2379335AB5AD}.Debug|x86.Build.0 = Debug|Win32
		{D3792FC8-3B94-4384-9CB6-2379335AB5AD}.Release|x64.ActiveCfg = Release|x64
		{D3792FC8-3B94-4384-9CB6-2379335AB5AD}.Release|x64.Build.0 = Release|x64
		{D3792FC8-3B94-4384-9CB6-2379335AB5AD}.Release|x86.ActiveCfg = Release|Win32
		{D3792FC8-3B94-4384-9CB6-2379335AB5AD}.Release|x86.Build.0 = Release|Win32
	EndGlobalSection
	GlobalSection(SolutionProperties) = preSolution
		HideSolutionNode = FALSE
	EndGlobalSection
	GlobalSection(ExtensibilityGlobals) = postSolution
		SolutionGuid = {F82579D5-DAA1-422C-8546-76D019FD16A6}
	EndGlobalSection
EndGlobal
