
Microsoft Visual Studio Solution File, Format Version 12.00
# Visual Studio 15
VisualStudioVersion = 15.0.28307.757
MinimumVisualStudioVersion = 10.0.40219.1
Project("{8BC9CEB8-8B4A-11D0-8D11-00A0C91BC942}") = "Actor", "Actor\Actor.vcxproj", "{CFE3706E-9F28-4EC6-8D1F-E02E0E89AA4A}"
EndProject
Global
	GlobalSection(SolutionConfigurationPlatforms) = preSolution
		Debug|x64 = Debug|x64
		Debug|x86 = Debug|x86
		Release|x64 = Release|x64
		Release|x86 = Release|x86
	EndGlobalSection
	GlobalSection(ProjectConfigurationPlatforms) = postSolution
		{CFE3706E-9F28-4EC6-8D1F-E02E0E89AA4A}.Debug|x64.ActiveCfg = Debug|x64
		{CFE3706E-9F28-4EC6-8D1F-E02E0E89AA4A}.Debug|x64.Build.0 = Debug|x64
		{CFE3706E-9F28-4EC6-8D1F-E02E0E89AA4A}.Debug|x86.ActiveCfg = Debug|Win32
		{CFE3706E-9F28-4EC6-8D1F-E02E0E89AA4A}.Debug|x86.Build.0 = Debug|Win32
		{CFE3706E-9F28-4EC6-8D1F-E02E0E89AA4A}.Release|x64.ActiveCfg = Release|x64
		{CFE3706E-9F28-4EC6-8D1F-E02E0E89AA4A}.Release|x64.Build.0 = Release|x64
		{CFE3706E-9F28-4EC6-8D1F-E02E0E89AA4A}.Release|x86.ActiveCfg = Release|Win32
		{CFE3706E-9F28-4EC6-8D1F-E02E0E89AA4A}.Release|x86.Build.0 = Release|Win32
	EndGlobalSection
	GlobalSection(SolutionProperties) = preSolution
		HideSolutionNode = FALSE
	EndGlobalSection
	GlobalSection(ExtensibilityGlobals) = postSolution
		SolutionGuid = {5090B836-95BE-4041-B9F4-B407DBAFCD31}
	EndGlobalSection
EndGlobal
