
Microsoft Visual Studio Solution File, Format Version 12.00
# Visual Studio 15
VisualStudioVersion = 15.0.28307.757
MinimumVisualStudioVersion = 10.0.40219.1
Project("{8BC9CEB8-8B4A-11D0-8D11-00A0C91BC942}") = "c++_point", "c++_point\c++_point.vcxproj", "{1D138F93-6A64-426D-9FBB-92686CF1CFD7}"
EndProject
Project("{8BC9CEB8-8B4A-11D0-8D11-00A0C91BC942}") = "指针数组", "指针数组\指针数组.vcxproj", "{3F193AF7-FB75-485D-B1BC-0D8E2B41639E}"
EndProject
Project("{8BC9CEB8-8B4A-11D0-8D11-00A0C91BC942}") = "三级指针", "三级指针\三级指针.vcxproj", "{FE8BC7F3-07D8-4EBB-813A-88758D78AA77}"
EndProject
Project("{8BC9CEB8-8B4A-11D0-8D11-00A0C91BC942}") = "指针作为函数参数", "指针作为函数参数\指针作为函数参数.vcxproj", "{09476F45-5182-4C40-B63B-A5586AFF872A}"
EndProject
Project("{8BC9CEB8-8B4A-11D0-8D11-00A0C91BC942}") = "函数指针作为函数参数", "函数指针作为函数参数\函数指针作为函数参数.vcxproj", "{686F4305-6578-4D57-9596-DB6483202197}"
EndProject
Global
	GlobalSection(SolutionConfigurationPlatforms) = preSolution
		Debug|x64 = Debug|x64
		Debug|x86 = Debug|x86
		Release|x64 = Release|x64
		Release|x86 = Release|x86
	EndGlobalSection
	GlobalSection(ProjectConfigurationPlatforms) = postSolution
		{1D138F93-6A64-426D-9FBB-92686CF1CFD7}.Debug|x64.ActiveCfg = Debug|x64
		{1D138F93-6A64-426D-9FBB-92686CF1CFD7}.Debug|x64.Build.0 = Debug|x64
		{1D138F93-6A64-426D-9FBB-92686CF1CFD7}.Debug|x86.ActiveCfg = Debug|Win32
		{1D138F93-6A64-426D-9FBB-92686CF1CFD7}.Debug|x86.Build.0 = Debug|Win32
		{1D138F93-6A64-426D-9FBB-92686CF1CFD7}.Release|x64.ActiveCfg = Release|x64
		{1D138F93-6A64-426D-9FBB-92686CF1CFD7}.Release|x64.Build.0 = Release|x64
		{1D138F93-6A64-426D-9FBB-92686CF1CFD7}.Release|x86.ActiveCfg = Release|Win32
		{1D138F93-6A64-426D-9FBB-92686CF1CFD7}.Release|x86.Build.0 = Release|Win32
		{3F193AF7-FB75-485D-B1BC-0D8E2B41639E}.Debug|x64.ActiveCfg = Debug|x64
		{3F193AF7-FB75-485D-B1BC-0D8E2B41639E}.Debug|x64.Build.0 = Debug|x64
		{3F193AF7-FB75-485D-B1BC-0D8E2B41639E}.Debug|x86.ActiveCfg = Debug|Win32
		{3F193AF7-FB75-485D-B1BC-0D8E2B41639E}.Debug|x86.Build.0 = Debug|Win32
		{3F193AF7-FB75-485D-B1BC-0D8E2B41639E}.Release|x64.ActiveCfg = Release|x64
		{3F193AF7-FB75-485D-B1BC-0D8E2B41639E}.Release|x64.Build.0 = Release|x64
		{3F193AF7-FB75-485D-B1BC-0D8E2B41639E}.Release|x86.ActiveCfg = Release|Win32
		{3F193AF7-FB75-485D-B1BC-0D8E2B41639E}.Release|x86.Build.0 = Release|Win32
		{FE8BC7F3-07D8-4EBB-813A-88758D78AA77}.Debug|x64.ActiveCfg = Debug|x64
		{FE8BC7F3-07D8-4EBB-813A-88758D78AA77}.Debug|x64.Build.0 = Debug|x64
		{FE8BC7F3-07D8-4EBB-813A-88758D78AA77}.Debug|x86.ActiveCfg = Debug|Win32
		{FE8BC7F3-07D8-4EBB-813A-88758D78AA77}.Debug|x86.Build.0 = Debug|Win32
		{FE8BC7F3-07D8-4EBB-813A-88758D78AA77}.Release|x64.ActiveCfg = Release|x64
		{FE8BC7F3-07D8-4EBB-813A-88758D78AA77}.Release|x64.Build.0 = Release|x64
		{FE8BC7F3-07D8-4EBB-813A-88758D78AA77}.Release|x86.ActiveCfg = Release|Win32
		{FE8BC7F3-07D8-4EBB-813A-88758D78AA77}.Release|x86.Build.0 = Release|Win32
		{09476F45-5182-4C40-B63B-A5586AFF872A}.Debug|x64.ActiveCfg = Debug|x64
		{09476F45-5182-4C40-B63B-A5586AFF872A}.Debug|x64.Build.0 = Debug|x64
		{09476F45-5182-4C40-B63B-A5586AFF872A}.Debug|x86.ActiveCfg = Debug|Win32
		{09476F45-5182-4C40-B63B-A5586AFF872A}.Debug|x86.Build.0 = Debug|Win32
		{09476F45-5182-4C40-B63B-A5586AFF872A}.Release|x64.ActiveCfg = Release|x64
		{09476F45-5182-4C40-B63B-A5586AFF872A}.Release|x64.Build.0 = Release|x64
		{09476F45-5182-4C40-B63B-A5586AFF872A}.Release|x86.ActiveCfg = Release|Win32
		{09476F45-5182-4C40-B63B-A5586AFF872A}.Release|x86.Build.0 = Release|Win32
		{686F4305-6578-4D57-9596-DB6483202197}.Debug|x64.ActiveCfg = Debug|x64
		{686F4305-6578-4D57-9596-DB6483202197}.Debug|x64.Build.0 = Debug|x64
		{686F4305-6578-4D57-9596-DB6483202197}.Debug|x86.ActiveCfg = Debug|Win32
		{686F4305-6578-4D57-9596-DB6483202197}.Debug|x86.Build.0 = Debug|Win32
		{686F4305-6578-4D57-9596-DB6483202197}.Release|x64.ActiveCfg = Release|x64
		{686F4305-6578-4D57-9596-DB6483202197}.Release|x64.Build.0 = Release|x64
		{686F4305-6578-4D57-9596-DB6483202197}.Release|x86.ActiveCfg = Release|Win32
		{686F4305-6578-4D57-9596-DB6483202197}.Release|x86.Build.0 = Release|Win32
	EndGlobalSection
	GlobalSection(SolutionProperties) = preSolution
		HideSolutionNode = FALSE
	EndGlobalSection
	GlobalSection(ExtensibilityGlobals) = postSolution
		SolutionGuid = {FF236A4A-6E7A-4C17-8AD9-A50FA33DE474}
	EndGlobalSection
EndGlobal
