
Microsoft Visual Studio Solution File, Format Version 12.00
# Visual Studio 15
VisualStudioVersion = 15.0.28307.757
MinimumVisualStudioVersion = 10.0.40219.1
Project("{8BC9CEB8-8B4A-11D0-8D11-00A0C91BC942}") = "c++_stack", "c++_stack\c++_stack.vcxproj", "{8821B6C4-B93B-43D3-9875-A5E14B9BCE77}"
EndProject
Global
	GlobalSection(SolutionConfigurationPlatforms) = preSolution
		Debug|x64 = Debug|x64
		Debug|x86 = Debug|x86
		Release|x64 = Release|x64
		Release|x86 = Release|x86
	EndGlobalSection
	GlobalSection(ProjectConfigurationPlatforms) = postSolution
		{8821B6C4-B93B-43D3-9875-A5E14B9BCE77}.Debug|x64.ActiveCfg = Debug|x64
		{8821B6C4-B93B-43D3-9875-A5E14B9BCE77}.Debug|x64.Build.0 = Debug|x64
		{8821B6C4-B93B-43D3-9875-A5E14B9BCE77}.Debug|x86.ActiveCfg = Debug|Win32
		{8821B6C4-B93B-43D3-9875-A5E14B9BCE77}.Debug|x86.Build.0 = Debug|Win32
		{8821B6C4-B93B-43D3-9875-A5E14B9BCE77}.Release|x64.ActiveCfg = Release|x64
		{8821B6C4-B93B-43D3-9875-A5E14B9BCE77}.Release|x64.Build.0 = Release|x64
		{8821B6C4-B93B-43D3-9875-A5E14B9BCE77}.Release|x86.ActiveCfg = Release|Win32
		{8821B6C4-B93B-43D3-9875-A5E14B9BCE77}.Release|x86.Build.0 = Release|Win32
	EndGlobalSection
	GlobalSection(SolutionProperties) = preSolution
		HideSolutionNode = FALSE
	EndGlobalSection
	GlobalSection(ExtensibilityGlobals) = postSolution
		SolutionGuid = {9B1159A5-1A90-47DC-9B1C-90F0B88143A2}
	EndGlobalSection
EndGlobal
