
Microsoft Visual Studio Solution File, Format Version 12.00
# Visual Studio 15
VisualStudioVersion = 15.0.28307.757
MinimumVisualStudioVersion = 10.0.40219.1
Project("{8BC9CEB8-8B4A-11D0-8D11-00A0C91BC942}") = "基础的控制台输出日志", "boost_log_example\boost_log_example.vcxproj", "{50B037F1-D699-4496-A4C7-313BAC470F5F}"
EndProject
Project("{8BC9CEB8-8B4A-11D0-8D11-00A0C91BC942}") = "带过滤器的控制台输出日志", "带过滤器的控制台输出日志\带过滤器的控制台输出日志.vcxproj", "{D868B65D-7125-4E8C-9468-CA7B226FC81D}"
EndProject
Project("{8BC9CEB8-8B4A-11D0-8D11-00A0C91BC942}") = "将日志信息写入到日志文件中", "将日志信息写入到日志文件中\将日志信息写入到日志文件中.vcxproj", "{EA3AEDDB-8535-4132-8F25-0C3155A7C1D5}"
EndProject
Global
	GlobalSection(SolutionConfigurationPlatforms) = preSolution
		Debug|x64 = Debug|x64
		Debug|x86 = Debug|x86
		Release|x64 = Release|x64
		Release|x86 = Release|x86
	EndGlobalSection
	GlobalSection(ProjectConfigurationPlatforms) = postSolution
		{50B037F1-D699-4496-A4C7-313BAC470F5F}.Debug|x64.ActiveCfg = Debug|x64
		{50B037F1-D699-4496-A4C7-313BAC470F5F}.Debug|x64.Build.0 = Debug|x64
		{50B037F1-D699-4496-A4C7-313BAC470F5F}.Debug|x86.ActiveCfg = Debug|Win32
		{50B037F1-D699-4496-A4C7-313BAC470F5F}.Debug|x86.Build.0 = Debug|Win32
		{50B037F1-D699-4496-A4C7-313BAC470F5F}.Release|x64.ActiveCfg = Release|x64
		{50B037F1-D699-4496-A4C7-313BAC470F5F}.Release|x64.Build.0 = Release|x64
		{50B037F1-D699-4496-A4C7-313BAC470F5F}.Release|x86.ActiveCfg = Release|Win32
		{50B037F1-D699-4496-A4C7-313BAC470F5F}.Release|x86.Build.0 = Release|Win32
		{D868B65D-7125-4E8C-9468-CA7B226FC81D}.Debug|x64.ActiveCfg = Debug|x64
		{D868B65D-7125-4E8C-9468-CA7B226FC81D}.Debug|x64.Build.0 = Debug|x64
		{D868B65D-7125-4E8C-9468-CA7B226FC81D}.Debug|x86.ActiveCfg = Debug|Win32
		{D868B65D-7125-4E8C-9468-CA7B226FC81D}.Debug|x86.Build.0 = Debug|Win32
		{D868B65D-7125-4E8C-9468-CA7B226FC81D}.Release|x64.ActiveCfg = Release|x64
		{D868B65D-7125-4E8C-9468-CA7B226FC81D}.Release|x64.Build.0 = Release|x64
		{D868B65D-7125-4E8C-9468-CA7B226FC81D}.Release|x86.ActiveCfg = Release|Win32
		{D868B65D-7125-4E8C-9468-CA7B226FC81D}.Release|x86.Build.0 = Release|Win32
		{EA3AEDDB-8535-4132-8F25-0C3155A7C1D5}.Debug|x64.ActiveCfg = Debug|x64
		{EA3AEDDB-8535-4132-8F25-0C3155A7C1D5}.Debug|x64.Build.0 = Debug|x64
		{EA3AEDDB-8535-4132-8F25-0C3155A7C1D5}.Debug|x86.ActiveCfg = Debug|Win32
		{EA3AEDDB-8535-4132-8F25-0C3155A7C1D5}.Debug|x86.Build.0 = Debug|Win32
		{EA3AEDDB-8535-4132-8F25-0C3155A7C1D5}.Release|x64.ActiveCfg = Release|x64
		{EA3AEDDB-8535-4132-8F25-0C3155A7C1D5}.Release|x64.Build.0 = Release|x64
		{EA3AEDDB-8535-4132-8F25-0C3155A7C1D5}.Release|x86.ActiveCfg = Release|Win32
		{EA3AEDDB-8535-4132-8F25-0C3155A7C1D5}.Release|x86.Build.0 = Release|Win32
	EndGlobalSection
	GlobalSection(SolutionProperties) = preSolution
		HideSolutionNode = FALSE
	EndGlobalSection
	GlobalSection(ExtensibilityGlobals) = postSolution
		SolutionGuid = {42BDAD56-5D56-41EA-AF2A-6BBD9053F22A}
	EndGlobalSection
EndGlobal
