
Microsoft Visual Studio Solution File, Format Version 12.00
# Visual Studio 15
VisualStudioVersion = 15.0.28307.757
MinimumVisualStudioVersion = 10.0.40219.1
Project("{8BC9CEB8-8B4A-11D0-8D11-00A0C91BC942}") = "c_example1", "c_example\c_example.vcxproj", "{D85B9A53-FD99-4691-8F1B-4C39B196A256}"
EndProject
Project("{8BC9CEB8-8B4A-11D0-8D11-00A0C91BC942}") = "c_example2", "c_example2\c_example2.vcxproj", "{397C14DF-E9E1-4D39-B9FD-44B8DF8FD3C7}"
EndProject
Project("{8BC9CEB8-8B4A-11D0-8D11-00A0C91BC942}") = "c_example3", "c_example3\c_example3.vcxproj", "{E86E73A9-3E27-4528-AC4E-F40A717A3FA9}"
EndProject
Project("{8BC9CEB8-8B4A-11D0-8D11-00A0C91BC942}") = "c_example4", "c_example4\c_example4.vcxproj", "{18C5831F-118B-4C3C-9E98-AFD54F094F04}"
EndProject
Project("{8BC9CEB8-8B4A-11D0-8D11-00A0C91BC942}") = "c_example5", "c_example5\c_example5.vcxproj", "{735DB462-1EA8-4980-A2D8-BC658E410CD1}"
EndProject
Project("{8BC9CEB8-8B4A-11D0-8D11-00A0C91BC942}") = "c_example6", "c_example6\c_example6.vcxproj", "{41BC10D4-D725-4227-B983-D36E0AE7A57C}"
EndProject
Project("{8BC9CEB8-8B4A-11D0-8D11-00A0C91BC942}") = "c_example7", "c_example7\c_example7.vcxproj", "{9995B9BD-BBBC-4D6F-B41F-8A548D52220E}"
EndProject
Project("{8BC9CEB8-8B4A-11D0-8D11-00A0C91BC942}") = "c_example8", "c_example8\c_example8.vcxproj", "{5EBA4861-837B-4268-B52C-8E9124817BA3}"
EndProject
Project("{8BC9CEB8-8B4A-11D0-8D11-00A0C91BC942}") = "c_example9", "c_example9\c_example9.vcxproj", "{0A283D11-88EA-4126-81E0-920432E4C6E9}"
EndProject
Project("{8BC9CEB8-8B4A-11D0-8D11-00A0C91BC942}") = "c_example10", "c_example10\c_example10.vcxproj", "{D021D2A4-4CC8-4F9E-A645-78ABF6951142}"
EndProject
Project("{8BC9CEB8-8B4A-11D0-8D11-00A0C91BC942}") = "c_example11", "c_example11\c_example11.vcxproj", "{63A80A78-DD1B-4E6A-B4E9-29A1D5E94E63}"
EndProject
Project("{8BC9CEB8-8B4A-11D0-8D11-00A0C91BC942}") = "c_example12", "c_example12\c_example12.vcxproj", "{B38754D1-C0B1-4451-AC54-0A1C7802EFDE}"
EndProject
Project("{8BC9CEB8-8B4A-11D0-8D11-00A0C91BC942}") = "c_example13", "c_example13\c_example13.vcxproj", "{041B4CAF-912E-4A72-8551-C8251D4818D0}"
EndProject
Project("{8BC9CEB8-8B4A-11D0-8D11-00A0C91BC942}") = "c_example14", "c_example14\c_example14.vcxproj", "{ABA1E32D-19E0-4FC4-A477-F845ABC8E425}"
EndProject
Project("{8BC9CEB8-8B4A-11D0-8D11-00A0C91BC942}") = "c_example15", "c_example15\c_example15.vcxproj", "{2F8B2AF7-ABD2-4343-9C16-88DD35B49349}"
EndProject
Project("{8BC9CEB8-8B4A-11D0-8D11-00A0C91BC942}") = "c_example16", "c_example16\c_example16.vcxproj", "{8F23521C-D23B-40DB-9F6F-3987A032F285}"
EndProject
Project("{8BC9CEB8-8B4A-11D0-8D11-00A0C91BC942}") = "c_example17", "c_example17\c_example17.vcxproj", "{58E4FD89-F96E-43DE-9168-8AE4F2BA972C}"
EndProject
Global
	GlobalSection(SolutionConfigurationPlatforms) = preSolution
		Debug|x64 = Debug|x64
		Debug|x86 = Debug|x86
		Release|x64 = Release|x64
		Release|x86 = Release|x86
	EndGlobalSection
	GlobalSection(ProjectConfigurationPlatforms) = postSolution
		{D85B9A53-FD99-4691-8F1B-4C39B196A256}.Debug|x64.ActiveCfg = Debug|x64
		{D85B9A53-FD99-4691-8F1B-4C39B196A256}.Debug|x64.Build.0 = Debug|x64
		{D85B9A53-FD99-4691-8F1B-4C39B196A256}.Debug|x86.ActiveCfg = Debug|Win32
		{D85B9A53-FD99-4691-8F1B-4C39B196A256}.Debug|x86.Build.0 = Debug|Win32
		{D85B9A53-FD99-4691-8F1B-4C39B196A256}.Release|x64.ActiveCfg = Release|x64
		{D85B9A53-FD99-4691-8F1B-4C39B196A256}.Release|x64.Build.0 = Release|x64
		{D85B9A53-FD99-4691-8F1B-4C39B196A256}.Release|x86.ActiveCfg = Release|Win32
		{D85B9A53-FD99-4691-8F1B-4C39B196A256}.Release|x86.Build.0 = Release|Win32
		{397C14DF-E9E1-4D39-B9FD-44B8DF8FD3C7}.Debug|x64.ActiveCfg = Debug|x64
		{397C14DF-E9E1-4D39-B9FD-44B8DF8FD3C7}.Debug|x64.Build.0 = Debug|x64
		{397C14DF-E9E1-4D39-B9FD-44B8DF8FD3C7}.Debug|x86.ActiveCfg = Debug|Win32
		{397C14DF-E9E1-4D39-B9FD-44B8DF8FD3C7}.Debug|x86.Build.0 = Debug|Win32
		{397C14DF-E9E1-4D39-B9FD-44B8DF8FD3C7}.Release|x64.ActiveCfg = Release|x64
		{397C14DF-E9E1-4D39-B9FD-44B8DF8FD3C7}.Release|x64.Build.0 = Release|x64
		{397C14DF-E9E1-4D39-B9FD-44B8DF8FD3C7}.Release|x86.ActiveCfg = Release|Win32
		{397C14DF-E9E1-4D39-B9FD-44B8DF8FD3C7}.Release|x86.Build.0 = Release|Win32
		{E86E73A9-3E27-4528-AC4E-F40A717A3FA9}.Debug|x64.ActiveCfg = Debug|x64
		{E86E73A9-3E27-4528-AC4E-F40A717A3FA9}.Debug|x64.Build.0 = Debug|x64
		{E86E73A9-3E27-4528-AC4E-F40A717A3FA9}.Debug|x86.ActiveCfg = Debug|Win32
		{E86E73A9-3E27-4528-AC4E-F40A717A3FA9}.Debug|x86.Build.0 = Debug|Win32
		{E86E73A9-3E27-4528-AC4E-F40A717A3FA9}.Release|x64.ActiveCfg = Release|x64
		{E86E73A9-3E27-4528-AC4E-F40A717A3FA9}.Release|x64.Build.0 = Release|x64
		{E86E73A9-3E27-4528-AC4E-F40A717A3FA9}.Release|x86.ActiveCfg = Release|Win32
		{E86E73A9-3E27-4528-AC4E-F40A717A3FA9}.Release|x86.Build.0 = Release|Win32
		{18C5831F-118B-4C3C-9E98-AFD54F094F04}.Debug|x64.ActiveCfg = Debug|x64
		{18C5831F-118B-4C3C-9E98-AFD54F094F04}.Debug|x64.Build.0 = Debug|x64
		{18C5831F-118B-4C3C-9E98-AFD54F094F04}.Debug|x86.ActiveCfg = Debug|Win32
		{18C5831F-118B-4C3C-9E98-AFD54F094F04}.Debug|x86.Build.0 = Debug|Win32
		{18C5831F-118B-4C3C-9E98-AFD54F094F04}.Release|x64.ActiveCfg = Release|x64
		{18C5831F-118B-4C3C-9E98-AFD54F094F04}.Release|x64.Build.0 = Release|x64
		{18C5831F-118B-4C3C-9E98-AFD54F094F04}.Release|x86.ActiveCfg = Release|Win32
		{18C5831F-118B-4C3C-9E98-AFD54F094F04}.Release|x86.Build.0 = Release|Win32
		{735DB462-1EA8-4980-A2D8-BC658E410CD1}.Debug|x64.ActiveCfg = Debug|x64
		{735DB462-1EA8-4980-A2D8-BC658E410CD1}.Debug|x64.Build.0 = Debug|x64
		{735DB462-1EA8-4980-A2D8-BC658E410CD1}.Debug|x86.ActiveCfg = Debug|Win32
		{735DB462-1EA8-4980-A2D8-BC658E410CD1}.Debug|x86.Build.0 = Debug|Win32
		{735DB462-1EA8-4980-A2D8-BC658E410CD1}.Release|x64.ActiveCfg = Release|x64
		{735DB462-1EA8-4980-A2D8-BC658E410CD1}.Release|x64.Build.0 = Release|x64
		{735DB462-1EA8-4980-A2D8-BC658E410CD1}.Release|x86.ActiveCfg = Release|Win32
		{735DB462-1EA8-4980-A2D8-BC658E410CD1}.Release|x86.Build.0 = Release|Win32
		{41BC10D4-D725-4227-B983-D36E0AE7A57C}.Debug|x64.ActiveCfg = Debug|x64
		{41BC10D4-D725-4227-B983-D36E0AE7A57C}.Debug|x64.Build.0 = Debug|x64
		{41BC10D4-D725-4227-B983-D36E0AE7A57C}.Debug|x86.ActiveCfg = Debug|Win32
		{41BC10D4-D725-4227-B983-D36E0AE7A57C}.Debug|x86.Build.0 = Debug|Win32
		{41BC10D4-D725-4227-B983-D36E0AE7A57C}.Release|x64.ActiveCfg = Release|x64
		{41BC10D4-D725-4227-B983-D36E0AE7A57C}.Release|x64.Build.0 = Release|x64
		{41BC10D4-D725-4227-B983-D36E0AE7A57C}.Release|x86.ActiveCfg = Release|Win32
		{41BC10D4-D725-4227-B983-D36E0AE7A57C}.Release|x86.Build.0 = Release|Win32
		{9995B9BD-BBBC-4D6F-B41F-8A548D52220E}.Debug|x64.ActiveCfg = Debug|x64
		{9995B9BD-BBBC-4D6F-B41F-8A548D52220E}.Debug|x64.Build.0 = Debug|x64
		{9995B9BD-BBBC-4D6F-B41F-8A548D52220E}.Debug|x86.ActiveCfg = Debug|Win32
		{9995B9BD-BBBC-4D6F-B41F-8A548D52220E}.Debug|x86.Build.0 = Debug|Win32
		{9995B9BD-BBBC-4D6F-B41F-8A548D52220E}.Release|x64.ActiveCfg = Release|x64
		{9995B9BD-BBBC-4D6F-B41F-8A548D52220E}.Release|x64.Build.0 = Release|x64
		{9995B9BD-BBBC-4D6F-B41F-8A548D52220E}.Release|x86.ActiveCfg = Release|Win32
		{9995B9BD-BBBC-4D6F-B41F-8A548D52220E}.Release|x86.Build.0 = Release|Win32
		{5EBA4861-837B-4268-B52C-8E9124817BA3}.Debug|x64.ActiveCfg = Debug|x64
		{5EBA4861-837B-4268-B52C-8E9124817BA3}.Debug|x64.Build.0 = Debug|x64
		{5EBA4861-837B-4268-B52C-8E9124817BA3}.Debug|x86.ActiveCfg = Debug|Win32
		{5EBA4861-837B-4268-B52C-8E9124817BA3}.Debug|x86.Build.0 = Debug|Win32
		{5EBA4861-837B-4268-B52C-8E9124817BA3}.Release|x64.ActiveCfg = Release|x64
		{5EBA4861-837B-4268-B52C-8E9124817BA3}.Release|x64.Build.0 = Release|x64
		{5EBA4861-837B-4268-B52C-8E9124817BA3}.Release|x86.ActiveCfg = Release|Win32
		{5EBA4861-837B-4268-B52C-8E9124817BA3}.Release|x86.Build.0 = Release|Win32
		{0A283D11-88EA-4126-81E0-920432E4C6E9}.Debug|x64.ActiveCfg = Debug|x64
		{0A283D11-88EA-4126-81E0-920432E4C6E9}.Debug|x64.Build.0 = Debug|x64
		{0A283D11-88EA-4126-81E0-920432E4C6E9}.Debug|x86.ActiveCfg = Debug|Win32
		{0A283D11-88EA-4126-81E0-920432E4C6E9}.Debug|x86.Build.0 = Debug|Win32
		{0A283D11-88EA-4126-81E0-920432E4C6E9}.Release|x64.ActiveCfg = Release|x64
		{0A283D11-88EA-4126-81E0-920432E4C6E9}.Release|x64.Build.0 = Release|x64
		{0A283D11-88EA-4126-81E0-920432E4C6E9}.Release|x86.ActiveCfg = Release|Win32
		{0A283D11-88EA-4126-81E0-920432E4C6E9}.Release|x86.Build.0 = Release|Win32
		{D021D2A4-4CC8-4F9E-A645-78ABF6951142}.Debug|x64.ActiveCfg = Debug|x64
		{D021D2A4-4CC8-4F9E-A645-78ABF6951142}.Debug|x64.Build.0 = Debug|x64
		{D021D2A4-4CC8-4F9E-A645-78ABF6951142}.Debug|x86.ActiveCfg = Debug|Win32
		{D021D2A4-4CC8-4F9E-A645-78ABF6951142}.Debug|x86.Build.0 = Debug|Win32
		{D021D2A4-4CC8-4F9E-A645-78ABF6951142}.Release|x64.ActiveCfg = Release|x64
		{D021D2A4-4CC8-4F9E-A645-78ABF6951142}.Release|x64.Build.0 = Release|x64
		{D021D2A4-4CC8-4F9E-A645-78ABF6951142}.Release|x86.ActiveCfg = Release|Win32
		{D021D2A4-4CC8-4F9E-A645-78ABF6951142}.Release|x86.Build.0 = Release|Win32
		{63A80A78-DD1B-4E6A-B4E9-29A1D5E94E63}.Debug|x64.ActiveCfg = Debug|x64
		{63A80A78-DD1B-4E6A-B4E9-29A1D5E94E63}.Debug|x64.Build.0 = Debug|x64
		{63A80A78-DD1B-4E6A-B4E9-29A1D5E94E63}.Debug|x86.ActiveCfg = Debug|Win32
		{63A80A78-DD1B-4E6A-B4E9-29A1D5E94E63}.Debug|x86.Build.0 = Debug|Win32
		{63A80A78-DD1B-4E6A-B4E9-29A1D5E94E63}.Release|x64.ActiveCfg = Release|x64
		{63A80A78-DD1B-4E6A-B4E9-29A1D5E94E63}.Release|x64.Build.0 = Release|x64
		{63A80A78-DD1B-4E6A-B4E9-29A1D5E94E63}.Release|x86.ActiveCfg = Release|Win32
		{63A80A78-DD1B-4E6A-B4E9-29A1D5E94E63}.Release|x86.Build.0 = Release|Win32
		{B38754D1-C0B1-4451-AC54-0A1C7802EFDE}.Debug|x64.ActiveCfg = Debug|x64
		{B38754D1-C0B1-4451-AC54-0A1C7802EFDE}.Debug|x64.Build.0 = Debug|x64
		{B38754D1-C0B1-4451-AC54-0A1C7802EFDE}.Debug|x86.ActiveCfg = Debug|Win32
		{B38754D1-C0B1-4451-AC54-0A1C7802EFDE}.Debug|x86.Build.0 = Debug|Win32
		{B38754D1-C0B1-4451-AC54-0A1C7802EFDE}.Release|x64.ActiveCfg = Release|x64
		{B38754D1-C0B1-4451-AC54-0A1C7802EFDE}.Release|x64.Build.0 = Release|x64
		{B38754D1-C0B1-4451-AC54-0A1C7802EFDE}.Release|x86.ActiveCfg = Release|Win32
		{B38754D1-C0B1-4451-AC54-0A1C7802EFDE}.Release|x86.Build.0 = Release|Win32
		{041B4CAF-912E-4A72-8551-C8251D4818D0}.Debug|x64.ActiveCfg = Debug|x64
		{041B4CAF-912E-4A72-8551-C8251D4818D0}.Debug|x64.Build.0 = Debug|x64
		{041B4CAF-912E-4A72-8551-C8251D4818D0}.Debug|x86.ActiveCfg = Debug|Win32
		{041B4CAF-912E-4A72-8551-C8251D4818D0}.Debug|x86.Build.0 = Debug|Win32
		{041B4CAF-912E-4A72-8551-C8251D4818D0}.Release|x64.ActiveCfg = Release|x64
		{041B4CAF-912E-4A72-8551-C8251D4818D0}.Release|x64.Build.0 = Release|x64
		{041B4CAF-912E-4A72-8551-C8251D4818D0}.Release|x86.ActiveCfg = Release|Win32
		{041B4CAF-912E-4A72-8551-C8251D4818D0}.Release|x86.Build.0 = Release|Win32
		{ABA1E32D-19E0-4FC4-A477-F845ABC8E425}.Debug|x64.ActiveCfg = Debug|x64
		{ABA1E32D-19E0-4FC4-A477-F845ABC8E425}.Debug|x64.Build.0 = Debug|x64
		{ABA1E32D-19E0-4FC4-A477-F845ABC8E425}.Debug|x86.ActiveCfg = Debug|Win32
		{ABA1E32D-19E0-4FC4-A477-F845ABC8E425}.Debug|x86.Build.0 = Debug|Win32
		{ABA1E32D-19E0-4FC4-A477-F845ABC8E425}.Release|x64.ActiveCfg = Release|x64
		{ABA1E32D-19E0-4FC4-A477-F845ABC8E425}.Release|x64.Build.0 = Release|x64
		{ABA1E32D-19E0-4FC4-A477-F845ABC8E425}.Release|x86.ActiveCfg = Release|Win32
		{ABA1E32D-19E0-4FC4-A477-F845ABC8E425}.Release|x86.Build.0 = Release|Win32
		{2F8B2AF7-ABD2-4343-9C16-88DD35B49349}.Debug|x64.ActiveCfg = Debug|x64
		{2F8B2AF7-ABD2-4343-9C16-88DD35B49349}.Debug|x64.Build.0 = Debug|x64
		{2F8B2AF7-ABD2-4343-9C16-88DD35B49349}.Debug|x86.ActiveCfg = Debug|Win32
		{2F8B2AF7-ABD2-4343-9C16-88DD35B49349}.Debug|x86.Build.0 = Debug|Win32
		{2F8B2AF7-ABD2-4343-9C16-88DD35B49349}.Release|x64.ActiveCfg = Release|x64
		{2F8B2AF7-ABD2-4343-9C16-88DD35B49349}.Release|x64.Build.0 = Release|x64
		{2F8B2AF7-ABD2-4343-9C16-88DD35B49349}.Release|x86.ActiveCfg = Release|Win32
		{2F8B2AF7-ABD2-4343-9C16-88DD35B49349}.Release|x86.Build.0 = Release|Win32
		{8F23521C-D23B-40DB-9F6F-3987A032F285}.Debug|x64.ActiveCfg = Debug|x64
		{8F23521C-D23B-40DB-9F6F-3987A032F285}.Debug|x64.Build.0 = Debug|x64
		{8F23521C-D23B-40DB-9F6F-3987A032F285}.Debug|x86.ActiveCfg = Debug|Win32
		{8F23521C-D23B-40DB-9F6F-3987A032F285}.Debug|x86.Build.0 = Debug|Win32
		{8F23521C-D23B-40DB-9F6F-3987A032F285}.Release|x64.ActiveCfg = Release|x64
		{8F23521C-D23B-40DB-9F6F-3987A032F285}.Release|x64.Build.0 = Release|x64
		{8F23521C-D23B-40DB-9F6F-3987A032F285}.Release|x86.ActiveCfg = Release|Win32
		{8F23521C-D23B-40DB-9F6F-3987A032F285}.Release|x86.Build.0 = Release|Win32
		{58E4FD89-F96E-43DE-9168-8AE4F2BA972C}.Debug|x64.ActiveCfg = Debug|x64
		{58E4FD89-F96E-43DE-9168-8AE4F2BA972C}.Debug|x64.Build.0 = Debug|x64
		{58E4FD89-F96E-43DE-9168-8AE4F2BA972C}.Debug|x86.ActiveCfg = Debug|Win32
		{58E4FD89-F96E-43DE-9168-8AE4F2BA972C}.Debug|x86.Build.0 = Debug|Win32
		{58E4FD89-F96E-43DE-9168-8AE4F2BA972C}.Release|x64.ActiveCfg = Release|x64
		{58E4FD89-F96E-43DE-9168-8AE4F2BA972C}.Release|x64.Build.0 = Release|x64
		{58E4FD89-F96E-43DE-9168-8AE4F2BA972C}.Release|x86.ActiveCfg = Release|Win32
		{58E4FD89-F96E-43DE-9168-8AE4F2BA972C}.Release|x86.Build.0 = Release|Win32
	EndGlobalSection
	GlobalSection(SolutionProperties) = preSolution
		HideSolutionNode = FALSE
	EndGlobalSection
	GlobalSection(ExtensibilityGlobals) = postSolution
		SolutionGuid = {E9698F98-8118-41D0-BEE9-A36DB40500B3}
	EndGlobalSection
EndGlobal
